github.com/JValtteri/weather/om v0.0.0-20250811143028-3bc47b8dfb36 h1:LAQAKzAcI0jm8DhiEcnziKyeM97a+Bsp+mceqlHQr9I=
github.com/JValtteri/weather/om v0.0.0-20250811143028-3bc47b8dfb36/go.mod h1:MD8aFCSPl9F1tL1gxkafz8WQDCraDoJpV4mLIHcZiXQ=
github.com/JValtteri/weather/owm v0.0.0-20250811143028-3bc47b8dfb36 h1:MzJ12uOD0VboffjghrBhFLDMvLz+E5K2KG7b8stMljo=
github.com/JValtteri/weather/owm v0.0.0-20250811143028-3bc47b8dfb36/go.mod h1:odFyfOZhQZbeFgHS1Pc+i39atigSy5Wq7sJtUA5hgjs=
